// !$*UTF8*$!
{
	archiveVersion = 1;
	classes = {
	};
	objectVersion = 46;
	objects = {

/* Begin PBXBuildFile section */
		A718FB981DF659780075F387 /* main.m in Sources */ = {isa = PBXBuildFile; fileRef = A718FB971DF659780075F387 /* main.m */; };
		A718FB9B1DF659780075F387 /* AppDelegate.m in Sources */ = {isa = PBXBuildFile; fileRef = A718FB9A1DF659780075F387 /* AppDelegate.m */; };
		A718FB9E1DF659780075F387 /* ViewController.m in Sources */ = {isa = PBXBuildFile; fileRef = A718FB9D1DF659780075F387 /* ViewController.m */; };
		A718FBA11DF659780075F387 /* Main.storyboard in Resources */ = {isa = PBXBuildFile; fileRef = A718FB9F1DF659780075F387 /* Main.storyboard */; };
		A718FBA31DF659790075F387 /* Assets.xcassets in Resources */ = {isa = PBXBuildFile; fileRef = A718FBA21DF659790075F387 /* Assets.xcassets */; };
		A718FBA61DF659790075F387 /* LaunchScreen.storyboard in Resources */ = {isa = PBXBuildFile; fileRef = A718FBA41DF659790075F387 /* LaunchScreen.storyboard */; };
		A718FC2D1DF6B5C50075F387 /* clock_hour@2x.png in Resources */ = {isa = PBXBuildFile; fileRef = A718FC291DF6B5C50075F387 /* clock_hour@2x.png */; };
		A718FC2E1DF6B5C50075F387 /* clock@2x.png in Resources */ = {isa = PBXBuildFile; fileRef = A718FC2A1DF6B5C50075F387 /* clock@2x.png */; };
		A718FC2F1DF6B5C50075F387 /* clock_min@2x.png in Resources */ = {isa = PBXBuildFile; fileRef = A718FC2B1DF6B5C50075F387 /* clock_min@2x.png */; };
		A718FC301DF6B5C50075F387 /* clock_sec@2x.png in Resources */ = {isa = PBXBuildFile; fileRef = A718FC2C1DF6B5C50075F387 /* clock_sec@2x.png */; };
/* End PBXBuildFile section */

/* Begin PBXFileReference section */
		A718FB931DF659780075F387 /* CoreAnimationAdvancedTechniques3_2.app */ = {isa = PBXFileReference; explicitFileType = wrapper.application; includeInIndex = 0; path = CoreAnimationAdvancedTechniques3_2.app; sourceTree = BUILT_PRODUCTS_DIR; };
		A718FB971DF659780075F387 /* main.m */ = {isa = PBXFileReference; lastKnownFileType = sourcecode.c.objc; path = main.m; sourceTree = "<group>"; };
		A718FB991DF659780075F387 /* AppDelegate.h */ = {isa = PBXFileReference; lastKnownFileType = sourcecode.c.h; path = AppDelegate.h; sourceTree = "<group>"; };
		A718FB9A1DF659780075F387 /* AppDelegate.m */ = {isa = PBXFileReference; lastKnownFileType = sourcecode.c.objc; path = AppDelegate.m; sourceTree = "<group>"; };
		A718FB9C1DF659780075F387 /* ViewController.h */ = {isa = PBXFileReference; lastKnownFileType = sourcecode.c.h; path = ViewController.h; sourceTree = "<group>"; };
		A718FB9D1DF659780075F387 /* ViewController.m */ = {isa = PBXFileReference; lastKnownFileType = sourcecode.c.objc; path = ViewController.m; sourceTree = "<group>"; };
		A718FBA01DF659780075F387 /* Base */ = {isa = PBXFileReference; lastKnownFileType = file.storyboard; name = Base; path = Base.lproj/Main.storyboard; sourceTree = "<group>"; };
		A718FBA21DF659790075F387 /* Assets.xcassets */ = {isa = PBXFileReference; lastKnownFileType = folder.assetcatalog; path = Assets.xcassets; sourceTree = "<group>"; };
		A718FBA51DF659790075F387 /* Base */ = {isa = PBXFileReference; lastKnownFileType = file.storyboard; name = Base; path = Base.lproj/LaunchScreen.storyboard; sourceTree = "<group>"; };
		A718FBA71DF659790075F387 /* Info.plist */ = {isa = PBXFileReference; lastKnownFileType = text.plist.xml; path = Info.plist; sourceTree = "<group>"; };
		A718FC291DF6B5C50075F387 /* clock_hour@2x.png */ = {isa = PBXFileReference; lastKnownFileType = image.png; path = "clock_hour@2x.png"; sourceTree = "<group>"; };
		A718FC2A1DF6B5C50075F387 /* clock@2x.png */ = {isa = PBXFileReference; lastKnownFileType = image.png; path = "clock@2x.png"; sourceTree = "<group>"; };
		A718FC2B1DF6B5C50075F387 /* clock_min@2x.png */ = {isa = PBXFileReference; lastKnownFileType = image.png; path = "clock_min@2x.png"; sourceTree = "<group>"; };
		A718FC2C1DF6B5C50075F387 /* clock_sec@2x.png */ = {isa = PBXFileReference; lastKnownFileType = image.png; path = "clock_sec@2x.png"; sourceTree = "<group>"; };
/* End PBXFileReference section */

/* Begin PBXFrameworksBuildPhase section */
		A718FB901DF659780075F387 /* Frameworks */ = {
			isa = PBXFrameworksBuildPhase;
			buildActionMask = 2147483647;
			files = (
			);
			runOnlyForDeploymentPostprocessing = 0;
		};
/* End PBXFrameworksBuildPhase section */

/* Begin PBXGroup section */
		A718FB8A1DF659780075F387 = {
			isa = PBXGroup;
			children = (
				A718FB951DF659780075F387 /* CoreAnimationAdvancedTechniques3_2 */,
				A718FB941DF659780075F387 /* Products */,
			);
			sourceTree = "<group>";
		};
		A718FB941DF659780075F387 /* Products */ = {
			isa = PBXGroup;
			children = (
				A718FB931DF659780075F387 /* CoreAnimationAdvancedTechniques3_2.app */,
			);
			name = Products;
			sourceTree = "<group>";
		};
		A718FB951DF659780075F387 /* CoreAnimationAdvancedTechniques3_2 */ = {
			isa = PBXGroup;
			children = (
				A718FB991DF659780075F387 /* AppDelegate.h */,
				A718FB9A1DF659780075F387 /* AppDelegate.m */,
				A718FB9C1DF659780075F387 /* ViewController.h */,
				A718FB9D1DF659780075F387 /* ViewController.m */,
				A718FC281DF6B5A70075F387 /* Resource */,
				A718FB9F1DF659780075F387 /* Main.storyboard */,
				A718FBA21DF659790075F387 /* Assets.xcassets */,
				A718FBA41DF659790075F387 /* LaunchScreen.storyboard */,
				A718FBA71DF659790075F387 /* Info.plist */,
				A718FB961DF659780075F387 /* Supporting Files */,
			);
			path = CoreAnimationAdvancedTechniques3_2;
			sourceTree = "<group>";
		};
		A718FB961DF659780075F387 /* Supporting Files */ = {
			isa = PBXGroup;
			children = (
				A718FB971DF659780075F387 /* main.m */,
			);
			name = "Supporting Files";
			sourceTree = "<group>";
		};
		A718FC281DF6B5A70075F387 /* Resource */ = {
			isa = PBXGroup;
			children = (
				A718FC291DF6B5C50075F387 /* clock_hour@2x.png */,
				A718FC2A1DF6B5C50075F387 /* clock@2x.png */,
				A718FC2B1DF6B5C50075F387 /* clock_min@2x.png */,
				A718FC2C1DF6B5C50075F387 /* clock_sec@2x.png */,
			);
			name = Resource;
			sourceTree = "<group>";
		};
/* End PBXGroup section */

/* Begin PBXNativeTarget section */
		A718FB921DF659780075F387 /* CoreAnimationAdvancedTechniques3_2 */ = {
			isa = PBXNativeTarget;
			buildConfigurationList = A718FBAA1DF659790075F387 /* Build configuration list for PBXNativeTarget "CoreAnimationAdvancedTechniques3_2" */;
			buildPhases = (
				A718FB8F1DF659780075F387 /* Sources */,
				A718FB901DF659780075F387 /* Frameworks */,
				A718FB911DF659780075F387 /* Resources */,
			);
			buildRules = (
			);
			dependencies = (
			);
			name = CoreAnimationAdvancedTechniques3_2;
			productName = CoreAnimationAdvancedTechniques3_2;
			productReference = A718FB931DF659780075F387 /* CoreAnimationAdvancedTechniques3_2.app */;
			productType = "com.apple.product-type.application";
		};
/* End PBXNativeTarget section */

/* Begin PBXProject section */
		A718FB8B1DF659780075F387 /* Project object */ = {
			isa = PBXProject;
			attributes = {
				LastUpgradeCheck = 0810;
				ORGANIZATIONNAME = JXT;
				TargetAttributes = {
					A718FB921DF659780075F387 = {
						CreatedOnToolsVersion = 8.1;
						ProvisioningStyle = Automatic;
					};
				};
			};
			buildConfigurationList = A718FB8E1DF659780075F387 /* Build configuration list for PBXProject "CoreAnimationAdvancedTechniques3_2" */;
			compatibilityVersion = "Xcode 3.2";
			developmentRegion = English;
			hasScannedForEncodings = 0;
			knownRegions = (
				en,
				Base,
			);
			mainGroup = A718FB8A1DF659780075F387;
			productRefGroup = A718FB941DF659780075F387 /* Products */;
			projectDirPath = "";
			projectRoot = "";
			targets = (
				A718FB921DF659780075F387 /* CoreAnimationAdvancedTechniques3_2 */,
			);
		};
/* End PBXProject section */

/* Begin PBXResourcesBuildPhase section */
		A718FB911DF659780075F387 /* Resources */ = {
			isa = PBXResourcesBuildPhase;
			buildActionMask = 2147483647;
			files = (
				A718FBA61DF659790075F387 /* LaunchScreen.storyboard in Resources */,
				A718FC2F1DF6B5C50075F387 /* clock_min@2x.png in Resources */,
				A718FC2E1DF6B5C50075F387 /* clock@2x.png in Resources */,
				A718FBA31DF659790075F387 /* Assets.xcassets in Resources */,
				A718FC2D1DF6B5C50075F387 /* clock_hour@2x.png in Resources */,
				A718FBA11DF659780075F387 /* Main.storyboard in Resources */,
				A718FC301DF6B5C50075F387 /* clock_sec@2x.png in Resources */,
			);
			runOnlyForDeploymentPostprocessing = 0;
		};
/* End PBXResourcesBuildPhase section */

/* Begin PBXSourcesBuildPhase section */
		A718FB8F1DF659780075F387 /* Sources */ = {
			isa = PBXSourcesBuildPhase;
			buildActionMask = 2147483647;
			files = (
				A718FB9E1DF659780075F387 /* ViewController.m in Sources */,
				A718FB9B1DF659780075F387 /* AppDelegate.m in Sources */,
				A718FB981DF659780075F387 /* main.m in Sources */,
			);
			runOnlyForDeploymentPostprocessing = 0;
		};
/* End PBXSourcesBuildPhase section */

/* Begin PBXVariantGroup section */
		A718FB9F1DF659780075F387 /* Main.storyboard */ = {
			isa = PBXVariantGroup;
			children = (
				A718FBA01DF659780075F387 /* Base */,
			);
			name = Main.storyboard;
			sourceTree = "<group>";
		};
		A718FBA41DF659790075F387 /* LaunchScreen.storyboard */ = {
			isa = PBXVariantGroup;
			children = (
				A718FBA51DF659790075F387 /* Base */,
			);
			name = LaunchScreen.storyboard;
			sourceTree = "<group>";
		};
/* End PBXVariantGroup section */

/* Begin XCBuildConfiguration section */
		A718FBA81DF659790075F387 /* Debug */ = {
			isa = XCBuildConfiguration;
			buildSettings = {
				ALWAYS_SEARCH_USER_PATHS = NO;
				CLANG_ANALYZER_NONNULL = YES;
				CLANG_CXX_LANGUAGE_STANDARD = "gnu++0x";
				CLANG_CXX_LIBRARY = "libc++";
				CLANG_ENABLE_MODULES = YES;
				CLANG_ENABLE_OBJC_ARC = YES;
				CLANG_WARN_BOOL_CONVERSION = YES;
				CLANG_WARN_CONSTANT_CONVERSION = YES;
				CLANG_WARN_DIRECT_OBJC_ISA_USAGE = YES_ERROR;
				CLANG_WARN_DOCUMENTATION_COMMENTS = YES;
				CLANG_WARN_EMPTY_BODY = YES;
				CLANG_WARN_ENUM_CONVERSION = YES;
				CLANG_WARN_INFINITE_RECURSION = YES;
				CLANG_WARN_INT_CONVERSION = YES;
				CLANG_WARN_OBJC_ROOT_CLASS = YES_ERROR;
				CLANG_WARN_SUSPICIOUS_MOVES = YES;
				CLANG_WARN_UNREACHABLE_CODE = YES;
				CLANG_WARN__DUPLICATE_METHOD_MATCH = YES;
				"CODE_SIGN_IDENTITY[sdk=iphoneos*]" = "iPhone Developer";
				COPY_PHASE_STRIP = NO;
				DEBUG_INFORMATION_FORMAT = dwarf;
				ENABLE_STRICT_OBJC_MSGSEND = YES;
				ENABLE_TESTABILITY = YES;
				GCC_C_LANGUAGE_STANDARD = gnu99;
				GCC_DYNAMIC_NO_PIC = NO;
				GCC_NO_COMMON_BLOCKS = YES;
				GCC_OPTIMIZATION_LEVEL = 0;
				GCC_PREPROCESSOR_DEFINITIONS = (
					"DEBUG=1",
					"$(inherited)",
				);
				GCC_WARN_64_TO_32_BIT_CONVERSION = YES;
				GCC_WARN_ABOUT_RETURN_TYPE = YES_ERROR;
				GCC_WARN_UNDECLARED_SELECTOR = YES;
				GCC_WARN_UNINITIALIZED_AUTOS = YES_AGGRESSIVE;
				GCC_WARN_UNUSED_FUNCTION = YES;
				GCC_WARN_UNUSED_VARIABLE = YES;
				IPHONEOS_DEPLOYMENT_TARGET = 8.0;
				MTL_ENABLE_DEBUG_INFO = YES;
				ONLY_ACTIVE_ARCH = YES;
				SDKROOT = iphoneos;
				TARGETED_DEVICE_FAMILY = "1,2";
			};
			name = Debug;
		};
		A718FBA91DF659790075F387 /* Release */ = {
			isa = XCBuildConfiguration;
			buildSettings = {
				ALWAYS_SEARCH_USER_PATHS = NO;
				CLANG_ANALYZER_NONNULL = YES;
				CLANG_CXX_LANGUAGE_STANDARD = "gnu++0x";
				CLANG_CXX_LIBRARY = "libc++";
				CLANG_ENABLE_MODULES = YES;
				CLANG_ENABLE_OBJC_ARC = YES;
				CLANG_WARN_BOOL_CONVERSION = YES;
				CLANG_WARN_CONSTANT_CONVERSION = YES;
				CLANG_WARN_DIRECT_OBJC_ISA_USAGE = YES_ERROR;
				CLANG_WARN_DOCUMENTATION_COMMENTS = YES;
				CLANG_WARN_EMPTY_BODY = YES;
				CLANG_WARN_ENUM_CONVERSION = YES;
				CLANG_WARN_INFINITE_RECURSION = YES;
				CLANG_WARN_INT_CONVERSION = YES;
				CLANG_WARN_OBJC_ROOT_CLASS = YES_ERROR;
				CLANG_WARN_SUSPICIOUS_MOVES = YES;
				CLANG_WARN_UNREACHABLE_CODE = YES;
				CLANG_WARN__DUPLICATE_METHOD_MATCH = YES;
				"CODE_SIGN_IDENTITY[sdk=iphoneos*]" = "iPhone Developer";
				COPY_PHASE_STRIP = NO;
				DEBUG_INFORMATION_FORMAT = "dwarf-with-dsym";
				ENABLE_NS_ASSERTIONS = NO;
				ENABLE_STRICT_OBJC_MSGSEND = YES;
				GCC_C_LANGUAGE_STANDARD = gnu99;
				GCC_NO_COMMON_BLOCKS = YES;
				GCC_WARN_64_TO_32_BIT_CONVERSION = YES;
				GCC_WARN_ABOUT_RETURN_TYPE = YES_ERROR;
				GCC_WARN_UNDECLARED_SELECTOR = YES;
				GCC_WARN_UNINITIALIZED_AUTOS = YES_AGGRESSIVE;
				GCC_WARN_UNUSED_FUNCTION = YES;
				GCC_WARN_UNUSED_VARIABLE = YES;
				IPHONEOS_DEPLOYMENT_TARGET = 8.0;
				MTL_ENABLE_DEBUG_INFO = NO;
				SDKROOT = iphoneos;
				TARGETED_DEVICE_FAMILY = "1,2";
				VALIDATE_PRODUCT = YES;
			};
			name = Release;
		};
		A718FBAB1DF659790075F387 /* Debug */ = {
			isa = XCBuildConfiguration;
			buildSettings = {
				ASSETCATALOG_COMPILER_APPICON_NAME = AppIcon;
				INFOPLIST_FILE = CoreAnimationAdvancedTechniques3_2/Info.plist;
				LD_RUNPATH_SEARCH_PATHS = "$(inherited) @executable_path/Frameworks";
				PRODUCT_BUNDLE_IDENTIFIER = "JXT.CoreAnimationAdvancedTechniques3-2";
				PRODUCT_NAME = "$(TARGET_NAME)";
			};
			name = Debug;
		};
		A718FBAC1DF659790075F387 /* Release */ = {
			isa = XCBuildConfiguration;
			buildSettings = {
				ASSETCATALOG_COMPILER_APPICON_NAME = AppIcon;
				INFOPLIST_FILE = CoreAnimationAdvancedTechniques3_2/Info.plist;
				LD_RUNPATH_SEARCH_PATHS = "$(inherited) @executable_path/Frameworks";
				PRODUCT_BUNDLE_IDENTIFIER = "JXT.CoreAnimationAdvancedTechniques3-2";
				PRODUCT_NAME = "$(TARGET_NAME)";
			};
			name = Release;
		};
/* End XCBuildConfiguration section */

/* Begin XCConfigurationList section */
		A718FB8E1DF659780075F387 /* Build configuration list for PBXProject "CoreAnimationAdvancedTechniques3_2" */ = {
			isa = XCConfigurationList;
			buildConfigurations = (
				A718FBA81DF659790075F387 /* Debug */,
				A718FBA91DF659790075F387 /* Release */,
			);
			defaultConfigurationIsVisible = 0;
			defaultConfigurationName = Release;
		};
		A718FBAA1DF659790075F387 /* Build configuration list for PBXNativeTarget "CoreAnimationAdvancedTechniques3_2" */ = {
			isa = XCConfigurationList;
			buildConfigurations = (
				A718FBAB1DF659790075F387 /* Debug */,
				A718FBAC1DF659790075F387 /* Release */,
			);
			defaultConfigurationIsVisible = 0;
			defaultConfigurationName = Release;
		};
/* End XCConfigurationList section */
	};
	rootObject = A718FB8B1DF659780075F387 /* Project object */;
}
