// !$*UTF8*$!
{
	archiveVersion = 1;
	classes = {
	};
	objectVersion = 46;
	objects = {

/* Begin PBXBuildFile section */
		A7292DEE1E818B01009321C3 /* main.m in Sources */ = {isa = PBXBuildFile; fileRef = A7292DED1E818B01009321C3 /* main.m */; };
		A7292DF11E818B01009321C3 /* AppDelegate.m in Sources */ = {isa = PBXBuildFile; fileRef = A7292DF01E818B01009321C3 /* AppDelegate.m */; };
		A7292DF41E818B01009321C3 /* ViewController.m in Sources */ = {isa = PBXBuildFile; fileRef = A7292DF31E818B01009321C3 /* ViewController.m */; };
		A7292DF71E818B01009321C3 /* Main.storyboard in Resources */ = {isa = PBXBuildFile; fileRef = A7292DF51E818B01009321C3 /* Main.storyboard */; };
		A7292DF91E818B01009321C3 /* Assets.xcassets in Resources */ = {isa = PBXBuildFile; fileRef = A7292DF81E818B01009321C3 /* Assets.xcassets */; };
		A7292DFC1E818B01009321C3 /* LaunchScreen.storyboard in Resources */ = {isa = PBXBuildFile; fileRef = A7292DFA1E818B01009321C3 /* LaunchScreen.storyboard */; };
		A7292E041E818D1A009321C3 /* Ship.mp4 in Resources */ = {isa = PBXBuildFile; fileRef = A7292E031E818D1A009321C3 /* Ship.mp4 */; };
/* End PBXBuildFile section */

/* Begin PBXFileReference section */
		A7292DE91E818B01009321C3 /* CoreAnimationAdvancedTechniques6_10.app */ = {isa = PBXFileReference; explicitFileType = wrapper.application; includeInIndex = 0; path = CoreAnimationAdvancedTechniques6_10.app; sourceTree = BUILT_PRODUCTS_DIR; };
		A7292DED1E818B01009321C3 /* main.m */ = {isa = PBXFileReference; lastKnownFileType = sourcecode.c.objc; path = main.m; sourceTree = "<group>"; };
		A7292DEF1E818B01009321C3 /* AppDelegate.h */ = {isa = PBXFileReference; lastKnownFileType = sourcecode.c.h; path = AppDelegate.h; sourceTree = "<group>"; };
		A7292DF01E818B01009321C3 /* AppDelegate.m */ = {isa = PBXFileReference; lastKnownFileType = sourcecode.c.objc; path = AppDelegate.m; sourceTree = "<group>"; };
		A7292DF21E818B01009321C3 /* ViewController.h */ = {isa = PBXFileReference; lastKnownFileType = sourcecode.c.h; path = ViewController.h; sourceTree = "<group>"; };
		A7292DF31E818B01009321C3 /* ViewController.m */ = {isa = PBXFileReference; lastKnownFileType = sourcecode.c.objc; path = ViewController.m; sourceTree = "<group>"; };
		A7292DF61E818B01009321C3 /* Base */ = {isa = PBXFileReference; lastKnownFileType = file.storyboard; name = Base; path = Base.lproj/Main.storyboard; sourceTree = "<group>"; };
		A7292DF81E818B01009321C3 /* Assets.xcassets */ = {isa = PBXFileReference; lastKnownFileType = folder.assetcatalog; path = Assets.xcassets; sourceTree = "<group>"; };
		A7292DFB1E818B01009321C3 /* Base */ = {isa = PBXFileReference; lastKnownFileType = file.storyboard; name = Base; path = Base.lproj/LaunchScreen.storyboard; sourceTree = "<group>"; };
		A7292DFD1E818B01009321C3 /* Info.plist */ = {isa = PBXFileReference; lastKnownFileType = text.plist.xml; path = Info.plist; sourceTree = "<group>"; };
		A7292E031E818D1A009321C3 /* Ship.mp4 */ = {isa = PBXFileReference; lastKnownFileType = file; path = Ship.mp4; sourceTree = "<group>"; };
/* End PBXFileReference section */

/* Begin PBXFrameworksBuildPhase section */
		A7292DE61E818B01009321C3 /* Frameworks */ = {
			isa = PBXFrameworksBuildPhase;
			buildActionMask = 2147483647;
			files = (
			);
			runOnlyForDeploymentPostprocessing = 0;
		};
/* End PBXFrameworksBuildPhase section */

/* Begin PBXGroup section */
		A7292DE01E818B01009321C3 = {
			isa = PBXGroup;
			children = (
				A7292DEB1E818B01009321C3 /* CoreAnimationAdvancedTechniques6_10 */,
				A7292DEA1E818B01009321C3 /* Products */,
			);
			sourceTree = "<group>";
		};
		A7292DEA1E818B01009321C3 /* Products */ = {
			isa = PBXGroup;
			children = (
				A7292DE91E818B01009321C3 /* CoreAnimationAdvancedTechniques6_10.app */,
			);
			name = Products;
			sourceTree = "<group>";
		};
		A7292DEB1E818B01009321C3 /* CoreAnimationAdvancedTechniques6_10 */ = {
			isa = PBXGroup;
			children = (
				A7292DEF1E818B01009321C3 /* AppDelegate.h */,
				A7292DF01E818B01009321C3 /* AppDelegate.m */,
				A7292DF21E818B01009321C3 /* ViewController.h */,
				A7292DF31E818B01009321C3 /* ViewController.m */,
				A7292E031E818D1A009321C3 /* Ship.mp4 */,
				A7292DF51E818B01009321C3 /* Main.storyboard */,
				A7292DF81E818B01009321C3 /* Assets.xcassets */,
				A7292DFA1E818B01009321C3 /* LaunchScreen.storyboard */,
				A7292DFD1E818B01009321C3 /* Info.plist */,
				A7292DEC1E818B01009321C3 /* Supporting Files */,
			);
			path = CoreAnimationAdvancedTechniques6_10;
			sourceTree = "<group>";
		};
		A7292DEC1E818B01009321C3 /* Supporting Files */ = {
			isa = PBXGroup;
			children = (
				A7292DED1E818B01009321C3 /* main.m */,
			);
			name = "Supporting Files";
			sourceTree = "<group>";
		};
/* End PBXGroup section */

/* Begin PBXNativeTarget section */
		A7292DE81E818B01009321C3 /* CoreAnimationAdvancedTechniques6_10 */ = {
			isa = PBXNativeTarget;
			buildConfigurationList = A7292E001E818B01009321C3 /* Build configuration list for PBXNativeTarget "CoreAnimationAdvancedTechniques6_10" */;
			buildPhases = (
				A7292DE51E818B01009321C3 /* Sources */,
				A7292DE61E818B01009321C3 /* Frameworks */,
				A7292DE71E818B01009321C3 /* Resources */,
			);
			buildRules = (
			);
			dependencies = (
			);
			name = CoreAnimationAdvancedTechniques6_10;
			productName = CoreAnimationAdvancedTechniques6_10;
			productReference = A7292DE91E818B01009321C3 /* CoreAnimationAdvancedTechniques6_10.app */;
			productType = "com.apple.product-type.application";
		};
/* End PBXNativeTarget section */

/* Begin PBXProject section */
		A7292DE11E818B01009321C3 /* Project object */ = {
			isa = PBXProject;
			attributes = {
				LastUpgradeCheck = 0820;
				ORGANIZATIONNAME = JXT;
				TargetAttributes = {
					A7292DE81E818B01009321C3 = {
						CreatedOnToolsVersion = 8.2;
						ProvisioningStyle = Automatic;
					};
				};
			};
			buildConfigurationList = A7292DE41E818B01009321C3 /* Build configuration list for PBXProject "CoreAnimationAdvancedTechniques6_10" */;
			compatibilityVersion = "Xcode 3.2";
			developmentRegion = English;
			hasScannedForEncodings = 0;
			knownRegions = (
				en,
				Base,
			);
			mainGroup = A7292DE01E818B01009321C3;
			productRefGroup = A7292DEA1E818B01009321C3 /* Products */;
			projectDirPath = "";
			projectRoot = "";
			targets = (
				A7292DE81E818B01009321C3 /* CoreAnimationAdvancedTechniques6_10 */,
			);
		};
/* End PBXProject section */

/* Begin PBXResourcesBuildPhase section */
		A7292DE71E818B01009321C3 /* Resources */ = {
			isa = PBXResourcesBuildPhase;
			buildActionMask = 2147483647;
			files = (
				A7292DFC1E818B01009321C3 /* LaunchScreen.storyboard in Resources */,
				A7292DF91E818B01009321C3 /* Assets.xcassets in Resources */,
				A7292DF71E818B01009321C3 /* Main.storyboard in Resources */,
				A7292E041E818D1A009321C3 /* Ship.mp4 in Resources */,
			);
			runOnlyForDeploymentPostprocessing = 0;
		};
/* End PBXResourcesBuildPhase section */

/* Begin PBXSourcesBuildPhase section */
		A7292DE51E818B01009321C3 /* Sources */ = {
			isa = PBXSourcesBuildPhase;
			buildActionMask = 2147483647;
			files = (
				A7292DF41E818B01009321C3 /* ViewController.m in Sources */,
				A7292DF11E818B01009321C3 /* AppDelegate.m in Sources */,
				A7292DEE1E818B01009321C3 /* main.m in Sources */,
			);
			runOnlyForDeploymentPostprocessing = 0;
		};
/* End PBXSourcesBuildPhase section */

/* Begin PBXVariantGroup section */
		A7292DF51E818B01009321C3 /* Main.storyboard */ = {
			isa = PBXVariantGroup;
			children = (
				A7292DF61E818B01009321C3 /* Base */,
			);
			name = Main.storyboard;
			sourceTree = "<group>";
		};
		A7292DFA1E818B01009321C3 /* LaunchScreen.storyboard */ = {
			isa = PBXVariantGroup;
			children = (
				A7292DFB1E818B01009321C3 /* Base */,
			);
			name = LaunchScreen.storyboard;
			sourceTree = "<group>";
		};
/* End PBXVariantGroup section */

/* Begin XCBuildConfiguration section */
		A7292DFE1E818B01009321C3 /* Debug */ = {
			isa = XCBuildConfiguration;
			buildSettings = {
				ALWAYS_SEARCH_USER_PATHS = NO;
				CLANG_ANALYZER_NONNULL = YES;
				CLANG_CXX_LANGUAGE_STANDARD = "gnu++0x";
				CLANG_CXX_LIBRARY = "libc++";
				CLANG_ENABLE_MODULES = YES;
				CLANG_ENABLE_OBJC_ARC = YES;
				CLANG_WARN_BOOL_CONVERSION = YES;
				CLANG_WARN_CONSTANT_CONVERSION = YES;
				CLANG_WARN_DIRECT_OBJC_ISA_USAGE = YES_ERROR;
				CLANG_WARN_DOCUMENTATION_COMMENTS = YES;
				CLANG_WARN_EMPTY_BODY = YES;
				CLANG_WARN_ENUM_CONVERSION = YES;
				CLANG_WARN_INFINITE_RECURSION = YES;
				CLANG_WARN_INT_CONVERSION = YES;
				CLANG_WARN_OBJC_ROOT_CLASS = YES_ERROR;
				CLANG_WARN_SUSPICIOUS_MOVE = YES;
				CLANG_WARN_UNREACHABLE_CODE = YES;
				CLANG_WARN__DUPLICATE_METHOD_MATCH = YES;
				"CODE_SIGN_IDENTITY[sdk=iphoneos*]" = "iPhone Developer";
				COPY_PHASE_STRIP = NO;
				DEBUG_INFORMATION_FORMAT = dwarf;
				ENABLE_STRICT_OBJC_MSGSEND = YES;
				ENABLE_TESTABILITY = YES;
				GCC_C_LANGUAGE_STANDARD = gnu99;
				GCC_DYNAMIC_NO_PIC = NO;
				GCC_NO_COMMON_BLOCKS = YES;
				GCC_OPTIMIZATION_LEVEL = 0;
				GCC_PREPROCESSOR_DEFINITIONS = (
					"DEBUG=1",
					"$(inherited)",
				);
				GCC_WARN_64_TO_32_BIT_CONVERSION = YES;
				GCC_WARN_ABOUT_RETURN_TYPE = YES_ERROR;
				GCC_WARN_UNDECLARED_SELECTOR = YES;
				GCC_WARN_UNINITIALIZED_AUTOS = YES_AGGRESSIVE;
				GCC_WARN_UNUSED_FUNCTION = YES;
				GCC_WARN_UNUSED_VARIABLE = YES;
				IPHONEOS_DEPLOYMENT_TARGET = 8.0;
				MTL_ENABLE_DEBUG_INFO = YES;
				ONLY_ACTIVE_ARCH = YES;
				SDKROOT = iphoneos;
				TARGETED_DEVICE_FAMILY = "1,2";
			};
			name = Debug;
		};
		A7292DFF1E818B01009321C3 /* Release */ = {
			isa = XCBuildConfiguration;
			buildSettings = {
				ALWAYS_SEARCH_USER_PATHS = NO;
				CLANG_ANALYZER_NONNULL = YES;
				CLANG_CXX_LANGUAGE_STANDARD = "gnu++0x";
				CLANG_CXX_LIBRARY = "libc++";
				CLANG_ENABLE_MODULES = YES;
				CLANG_ENABLE_OBJC_ARC = YES;
				CLANG_WARN_BOOL_CONVERSION = YES;
				CLANG_WARN_CONSTANT_CONVERSION = YES;
				CLANG_WARN_DIRECT_OBJC_ISA_USAGE = YES_ERROR;
				CLANG_WARN_DOCUMENTATION_COMMENTS = YES;
				CLANG_WARN_EMPTY_BODY = YES;
				CLANG_WARN_ENUM_CONVERSION = YES;
				CLANG_WARN_INFINITE_RECURSION = YES;
				CLANG_WARN_INT_CONVERSION = YES;
				CLANG_WARN_OBJC_ROOT_CLASS = YES_ERROR;
				CLANG_WARN_SUSPICIOUS_MOVE = YES;
				CLANG_WARN_UNREACHABLE_CODE = YES;
				CLANG_WARN__DUPLICATE_METHOD_MATCH = YES;
				"CODE_SIGN_IDENTITY[sdk=iphoneos*]" = "iPhone Developer";
				COPY_PHASE_STRIP = NO;
				DEBUG_INFORMATION_FORMAT = "dwarf-with-dsym";
				ENABLE_NS_ASSERTIONS = NO;
				ENABLE_STRICT_OBJC_MSGSEND = YES;
				GCC_C_LANGUAGE_STANDARD = gnu99;
				GCC_NO_COMMON_BLOCKS = YES;
				GCC_WARN_64_TO_32_BIT_CONVERSION = YES;
				GCC_WARN_ABOUT_RETURN_TYPE = YES_ERROR;
				GCC_WARN_UNDECLARED_SELECTOR = YES;
				GCC_WARN_UNINITIALIZED_AUTOS = YES_AGGRESSIVE;
				GCC_WARN_UNUSED_FUNCTION = YES;
				GCC_WARN_UNUSED_VARIABLE = YES;
				IPHONEOS_DEPLOYMENT_TARGET = 8.0;
				MTL_ENABLE_DEBUG_INFO = NO;
				SDKROOT = iphoneos;
				TARGETED_DEVICE_FAMILY = "1,2";
				VALIDATE_PRODUCT = YES;
			};
			name = Release;
		};
		A7292E011E818B01009321C3 /* Debug */ = {
			isa = XCBuildConfiguration;
			buildSettings = {
				ASSETCATALOG_COMPILER_APPICON_NAME = AppIcon;
				INFOPLIST_FILE = CoreAnimationAdvancedTechniques6_10/Info.plist;
				LD_RUNPATH_SEARCH_PATHS = "$(inherited) @executable_path/Frameworks";
				PRODUCT_BUNDLE_IDENTIFIER = "JXT.CoreAnimationAdvancedTechniques6-10";
				PRODUCT_NAME = "$(TARGET_NAME)";
			};
			name = Debug;
		};
		A7292E021E818B01009321C3 /* Release */ = {
			isa = XCBuildConfiguration;
			buildSettings = {
				ASSETCATALOG_COMPILER_APPICON_NAME = AppIcon;
				INFOPLIST_FILE = CoreAnimationAdvancedTechniques6_10/Info.plist;
				LD_RUNPATH_SEARCH_PATHS = "$(inherited) @executable_path/Frameworks";
				PRODUCT_BUNDLE_IDENTIFIER = "JXT.CoreAnimationAdvancedTechniques6-10";
				PRODUCT_NAME = "$(TARGET_NAME)";
			};
			name = Release;
		};
/* End XCBuildConfiguration section */

/* Begin XCConfigurationList section */
		A7292DE41E818B01009321C3 /* Build configuration list for PBXProject "CoreAnimationAdvancedTechniques6_10" */ = {
			isa = XCConfigurationList;
			buildConfigurations = (
				A7292DFE1E818B01009321C3 /* Debug */,
				A7292DFF1E818B01009321C3 /* Release */,
			);
			defaultConfigurationIsVisible = 0;
			defaultConfigurationName = Release;
		};
		A7292E001E818B01009321C3 /* Build configuration list for PBXNativeTarget "CoreAnimationAdvancedTechniques6_10" */ = {
			isa = XCConfigurationList;
			buildConfigurations = (
				A7292E011E818B01009321C3 /* Debug */,
				A7292E021E818B01009321C3 /* Release */,
			);
			defaultConfigurationIsVisible = 0;
		};
/* End XCConfigurationList section */
	};
	rootObject = A7292DE11E818B01009321C3 /* Project object */;
}
