// !$*UTF8*$!
{
	archiveVersion = 1;
	classes = {
	};
	objectVersion = 46;
	objects = {

/* Begin PBXBuildFile section */
		A7491A071E59C5EB004F7AF3 /* main.m in Sources */ = {isa = PBXBuildFile; fileRef = A7491A061E59C5EB004F7AF3 /* main.m */; };
		A7491A0A1E59C5EB004F7AF3 /* AppDelegate.m in Sources */ = {isa = PBXBuildFile; fileRef = A7491A091E59C5EB004F7AF3 /* AppDelegate.m */; };
		A7491A0D1E59C5EB004F7AF3 /* ViewController.m in Sources */ = {isa = PBXBuildFile; fileRef = A7491A0C1E59C5EB004F7AF3 /* ViewController.m */; };
		A7491A101E59C5EB004F7AF3 /* Main.storyboard in Resources */ = {isa = PBXBuildFile; fileRef = A7491A0E1E59C5EB004F7AF3 /* Main.storyboard */; };
		A7491A121E59C5EB004F7AF3 /* Assets.xcassets in Resources */ = {isa = PBXBuildFile; fileRef = A7491A111E59C5EB004F7AF3 /* Assets.xcassets */; };
		A7491A151E59C5EB004F7AF3 /* LaunchScreen.storyboard in Resources */ = {isa = PBXBuildFile; fileRef = A7491A131E59C5EB004F7AF3 /* LaunchScreen.storyboard */; };
		A7491A441E5B3A82004F7AF3 /* ReflectionView.m in Sources */ = {isa = PBXBuildFile; fileRef = A7491A431E5B3A82004F7AF3 /* ReflectionView.m */; };
		A7491A461E5B3B14004F7AF3 /* Anchor@2x.png in Resources */ = {isa = PBXBuildFile; fileRef = A7491A451E5B3B14004F7AF3 /* Anchor@2x.png */; };
		A7491A481E5B3E75004F7AF3 /* btn_image.png in Resources */ = {isa = PBXBuildFile; fileRef = A7491A471E5B3E75004F7AF3 /* btn_image.png */; };
/* End PBXBuildFile section */

/* Begin PBXFileReference section */
		A7491A021E59C5EB004F7AF3 /* CoreAnimationAdvancedTechniques6_5.app */ = {isa = PBXFileReference; explicitFileType = wrapper.application; includeInIndex = 0; path = CoreAnimationAdvancedTechniques6_5.app; sourceTree = BUILT_PRODUCTS_DIR; };
		A7491A061E59C5EB004F7AF3 /* main.m */ = {isa = PBXFileReference; lastKnownFileType = sourcecode.c.objc; path = main.m; sourceTree = "<group>"; };
		A7491A081E59C5EB004F7AF3 /* AppDelegate.h */ = {isa = PBXFileReference; lastKnownFileType = sourcecode.c.h; path = AppDelegate.h; sourceTree = "<group>"; };
		A7491A091E59C5EB004F7AF3 /* AppDelegate.m */ = {isa = PBXFileReference; lastKnownFileType = sourcecode.c.objc; path = AppDelegate.m; sourceTree = "<group>"; };
		A7491A0B1E59C5EB004F7AF3 /* ViewController.h */ = {isa = PBXFileReference; lastKnownFileType = sourcecode.c.h; path = ViewController.h; sourceTree = "<group>"; };
		A7491A0C1E59C5EB004F7AF3 /* ViewController.m */ = {isa = PBXFileReference; lastKnownFileType = sourcecode.c.objc; path = ViewController.m; sourceTree = "<group>"; };
		A7491A0F1E59C5EB004F7AF3 /* Base */ = {isa = PBXFileReference; lastKnownFileType = file.storyboard; name = Base; path = Base.lproj/Main.storyboard; sourceTree = "<group>"; };
		A7491A111E59C5EB004F7AF3 /* Assets.xcassets */ = {isa = PBXFileReference; lastKnownFileType = folder.assetcatalog; path = Assets.xcassets; sourceTree = "<group>"; };
		A7491A141E59C5EB004F7AF3 /* Base */ = {isa = PBXFileReference; lastKnownFileType = file.storyboard; name = Base; path = Base.lproj/LaunchScreen.storyboard; sourceTree = "<group>"; };
		A7491A161E59C5EB004F7AF3 /* Info.plist */ = {isa = PBXFileReference; lastKnownFileType = text.plist.xml; path = Info.plist; sourceTree = "<group>"; };
		A7491A421E5B3A82004F7AF3 /* ReflectionView.h */ = {isa = PBXFileReference; fileEncoding = 4; lastKnownFileType = sourcecode.c.h; path = ReflectionView.h; sourceTree = "<group>"; };
		A7491A431E5B3A82004F7AF3 /* ReflectionView.m */ = {isa = PBXFileReference; fileEncoding = 4; lastKnownFileType = sourcecode.c.objc; path = ReflectionView.m; sourceTree = "<group>"; };
		A7491A451E5B3B14004F7AF3 /* Anchor@2x.png */ = {isa = PBXFileReference; lastKnownFileType = image.png; path = "Anchor@2x.png"; sourceTree = "<group>"; };
		A7491A471E5B3E75004F7AF3 /* btn_image.png */ = {isa = PBXFileReference; lastKnownFileType = image.png; path = btn_image.png; sourceTree = "<group>"; };
/* End PBXFileReference section */

/* Begin PBXFrameworksBuildPhase section */
		A74919FF1E59C5EB004F7AF3 /* Frameworks */ = {
			isa = PBXFrameworksBuildPhase;
			buildActionMask = 2147483647;
			files = (
			);
			runOnlyForDeploymentPostprocessing = 0;
		};
/* End PBXFrameworksBuildPhase section */

/* Begin PBXGroup section */
		A74919F91E59C5EB004F7AF3 = {
			isa = PBXGroup;
			children = (
				A7491A041E59C5EB004F7AF3 /* CoreAnimationAdvancedTechniques6_5 */,
				A7491A031E59C5EB004F7AF3 /* Products */,
			);
			sourceTree = "<group>";
		};
		A7491A031E59C5EB004F7AF3 /* Products */ = {
			isa = PBXGroup;
			children = (
				A7491A021E59C5EB004F7AF3 /* CoreAnimationAdvancedTechniques6_5.app */,
			);
			name = Products;
			sourceTree = "<group>";
		};
		A7491A041E59C5EB004F7AF3 /* CoreAnimationAdvancedTechniques6_5 */ = {
			isa = PBXGroup;
			children = (
				A7491A081E59C5EB004F7AF3 /* AppDelegate.h */,
				A7491A091E59C5EB004F7AF3 /* AppDelegate.m */,
				A7491A0B1E59C5EB004F7AF3 /* ViewController.h */,
				A7491A0C1E59C5EB004F7AF3 /* ViewController.m */,
				A7491A421E5B3A82004F7AF3 /* ReflectionView.h */,
				A7491A431E5B3A82004F7AF3 /* ReflectionView.m */,
				A7491A471E5B3E75004F7AF3 /* btn_image.png */,
				A7491A451E5B3B14004F7AF3 /* Anchor@2x.png */,
				A7491A0E1E59C5EB004F7AF3 /* Main.storyboard */,
				A7491A111E59C5EB004F7AF3 /* Assets.xcassets */,
				A7491A131E59C5EB004F7AF3 /* LaunchScreen.storyboard */,
				A7491A161E59C5EB004F7AF3 /* Info.plist */,
				A7491A051E59C5EB004F7AF3 /* Supporting Files */,
			);
			path = CoreAnimationAdvancedTechniques6_5;
			sourceTree = "<group>";
		};
		A7491A051E59C5EB004F7AF3 /* Supporting Files */ = {
			isa = PBXGroup;
			children = (
				A7491A061E59C5EB004F7AF3 /* main.m */,
			);
			name = "Supporting Files";
			sourceTree = "<group>";
		};
/* End PBXGroup section */

/* Begin PBXNativeTarget section */
		A7491A011E59C5EB004F7AF3 /* CoreAnimationAdvancedTechniques6_5 */ = {
			isa = PBXNativeTarget;
			buildConfigurationList = A7491A191E59C5EB004F7AF3 /* Build configuration list for PBXNativeTarget "CoreAnimationAdvancedTechniques6_5" */;
			buildPhases = (
				A74919FE1E59C5EB004F7AF3 /* Sources */,
				A74919FF1E59C5EB004F7AF3 /* Frameworks */,
				A7491A001E59C5EB004F7AF3 /* Resources */,
			);
			buildRules = (
			);
			dependencies = (
			);
			name = CoreAnimationAdvancedTechniques6_5;
			productName = CoreAnimationAdvancedTechniques6_5;
			productReference = A7491A021E59C5EB004F7AF3 /* CoreAnimationAdvancedTechniques6_5.app */;
			productType = "com.apple.product-type.application";
		};
/* End PBXNativeTarget section */

/* Begin PBXProject section */
		A74919FA1E59C5EB004F7AF3 /* Project object */ = {
			isa = PBXProject;
			attributes = {
				LastUpgradeCheck = 0820;
				ORGANIZATIONNAME = JXT;
				TargetAttributes = {
					A7491A011E59C5EB004F7AF3 = {
						CreatedOnToolsVersion = 8.2;
						ProvisioningStyle = Automatic;
					};
				};
			};
			buildConfigurationList = A74919FD1E59C5EB004F7AF3 /* Build configuration list for PBXProject "CoreAnimationAdvancedTechniques6_5" */;
			compatibilityVersion = "Xcode 3.2";
			developmentRegion = English;
			hasScannedForEncodings = 0;
			knownRegions = (
				en,
				Base,
			);
			mainGroup = A74919F91E59C5EB004F7AF3;
			productRefGroup = A7491A031E59C5EB004F7AF3 /* Products */;
			projectDirPath = "";
			projectRoot = "";
			targets = (
				A7491A011E59C5EB004F7AF3 /* CoreAnimationAdvancedTechniques6_5 */,
			);
		};
/* End PBXProject section */

/* Begin PBXResourcesBuildPhase section */
		A7491A001E59C5EB004F7AF3 /* Resources */ = {
			isa = PBXResourcesBuildPhase;
			buildActionMask = 2147483647;
			files = (
				A7491A151E59C5EB004F7AF3 /* LaunchScreen.storyboard in Resources */,
				A7491A461E5B3B14004F7AF3 /* Anchor@2x.png in Resources */,
				A7491A121E59C5EB004F7AF3 /* Assets.xcassets in Resources */,
				A7491A481E5B3E75004F7AF3 /* btn_image.png in Resources */,
				A7491A101E59C5EB004F7AF3 /* Main.storyboard in Resources */,
			);
			runOnlyForDeploymentPostprocessing = 0;
		};
/* End PBXResourcesBuildPhase section */

/* Begin PBXSourcesBuildPhase section */
		A74919FE1E59C5EB004F7AF3 /* Sources */ = {
			isa = PBXSourcesBuildPhase;
			buildActionMask = 2147483647;
			files = (
				A7491A0D1E59C5EB004F7AF3 /* ViewController.m in Sources */,
				A7491A441E5B3A82004F7AF3 /* ReflectionView.m in Sources */,
				A7491A0A1E59C5EB004F7AF3 /* AppDelegate.m in Sources */,
				A7491A071E59C5EB004F7AF3 /* main.m in Sources */,
			);
			runOnlyForDeploymentPostprocessing = 0;
		};
/* End PBXSourcesBuildPhase section */

/* Begin PBXVariantGroup section */
		A7491A0E1E59C5EB004F7AF3 /* Main.storyboard */ = {
			isa = PBXVariantGroup;
			children = (
				A7491A0F1E59C5EB004F7AF3 /* Base */,
			);
			name = Main.storyboard;
			sourceTree = "<group>";
		};
		A7491A131E59C5EB004F7AF3 /* LaunchScreen.storyboard */ = {
			isa = PBXVariantGroup;
			children = (
				A7491A141E59C5EB004F7AF3 /* Base */,
			);
			name = LaunchScreen.storyboard;
			sourceTree = "<group>";
		};
/* End PBXVariantGroup section */

/* Begin XCBuildConfiguration section */
		A7491A171E59C5EB004F7AF3 /* Debug */ = {
			isa = XCBuildConfiguration;
			buildSettings = {
				ALWAYS_SEARCH_USER_PATHS = NO;
				CLANG_ANALYZER_NONNULL = YES;
				CLANG_CXX_LANGUAGE_STANDARD = "gnu++0x";
				CLANG_CXX_LIBRARY = "libc++";
				CLANG_ENABLE_MODULES = YES;
				CLANG_ENABLE_OBJC_ARC = YES;
				CLANG_WARN_BOOL_CONVERSION = YES;
				CLANG_WARN_CONSTANT_CONVERSION = YES;
				CLANG_WARN_DIRECT_OBJC_ISA_USAGE = YES_ERROR;
				CLANG_WARN_DOCUMENTATION_COMMENTS = YES;
				CLANG_WARN_EMPTY_BODY = YES;
				CLANG_WARN_ENUM_CONVERSION = YES;
				CLANG_WARN_INFINITE_RECURSION = YES;
				CLANG_WARN_INT_CONVERSION = YES;
				CLANG_WARN_OBJC_ROOT_CLASS = YES_ERROR;
				CLANG_WARN_SUSPICIOUS_MOVE = YES;
				CLANG_WARN_UNREACHABLE_CODE = YES;
				CLANG_WARN__DUPLICATE_METHOD_MATCH = YES;
				"CODE_SIGN_IDENTITY[sdk=iphoneos*]" = "iPhone Developer";
				COPY_PHASE_STRIP = NO;
				DEBUG_INFORMATION_FORMAT = dwarf;
				ENABLE_STRICT_OBJC_MSGSEND = YES;
				ENABLE_TESTABILITY = YES;
				GCC_C_LANGUAGE_STANDARD = gnu99;
				GCC_DYNAMIC_NO_PIC = NO;
				GCC_NO_COMMON_BLOCKS = YES;
				GCC_OPTIMIZATION_LEVEL = 0;
				GCC_PREPROCESSOR_DEFINITIONS = (
					"DEBUG=1",
					"$(inherited)",
				);
				GCC_WARN_64_TO_32_BIT_CONVERSION = YES;
				GCC_WARN_ABOUT_RETURN_TYPE = YES_ERROR;
				GCC_WARN_UNDECLARED_SELECTOR = YES;
				GCC_WARN_UNINITIALIZED_AUTOS = YES_AGGRESSIVE;
				GCC_WARN_UNUSED_FUNCTION = YES;
				GCC_WARN_UNUSED_VARIABLE = YES;
				IPHONEOS_DEPLOYMENT_TARGET = 8.0;
				MTL_ENABLE_DEBUG_INFO = YES;
				ONLY_ACTIVE_ARCH = YES;
				SDKROOT = iphoneos;
				TARGETED_DEVICE_FAMILY = "1,2";
			};
			name = Debug;
		};
		A7491A181E59C5EB004F7AF3 /* Release */ = {
			isa = XCBuildConfiguration;
			buildSettings = {
				ALWAYS_SEARCH_USER_PATHS = NO;
				CLANG_ANALYZER_NONNULL = YES;
				CLANG_CXX_LANGUAGE_STANDARD = "gnu++0x";
				CLANG_CXX_LIBRARY = "libc++";
				CLANG_ENABLE_MODULES = YES;
				CLANG_ENABLE_OBJC_ARC = YES;
				CLANG_WARN_BOOL_CONVERSION = YES;
				CLANG_WARN_CONSTANT_CONVERSION = YES;
				CLANG_WARN_DIRECT_OBJC_ISA_USAGE = YES_ERROR;
				CLANG_WARN_DOCUMENTATION_COMMENTS = YES;
				CLANG_WARN_EMPTY_BODY = YES;
				CLANG_WARN_ENUM_CONVERSION = YES;
				CLANG_WARN_INFINITE_RECURSION = YES;
				CLANG_WARN_INT_CONVERSION = YES;
				CLANG_WARN_OBJC_ROOT_CLASS = YES_ERROR;
				CLANG_WARN_SUSPICIOUS_MOVE = YES;
				CLANG_WARN_UNREACHABLE_CODE = YES;
				CLANG_WARN__DUPLICATE_METHOD_MATCH = YES;
				"CODE_SIGN_IDENTITY[sdk=iphoneos*]" = "iPhone Developer";
				COPY_PHASE_STRIP = NO;
				DEBUG_INFORMATION_FORMAT = "dwarf-with-dsym";
				ENABLE_NS_ASSERTIONS = NO;
				ENABLE_STRICT_OBJC_MSGSEND = YES;
				GCC_C_LANGUAGE_STANDARD = gnu99;
				GCC_NO_COMMON_BLOCKS = YES;
				GCC_WARN_64_TO_32_BIT_CONVERSION = YES;
				GCC_WARN_ABOUT_RETURN_TYPE = YES_ERROR;
				GCC_WARN_UNDECLARED_SELECTOR = YES;
				GCC_WARN_UNINITIALIZED_AUTOS = YES_AGGRESSIVE;
				GCC_WARN_UNUSED_FUNCTION = YES;
				GCC_WARN_UNUSED_VARIABLE = YES;
				IPHONEOS_DEPLOYMENT_TARGET = 8.0;
				MTL_ENABLE_DEBUG_INFO = NO;
				SDKROOT = iphoneos;
				TARGETED_DEVICE_FAMILY = "1,2";
				VALIDATE_PRODUCT = YES;
			};
			name = Release;
		};
		A7491A1A1E59C5EB004F7AF3 /* Debug */ = {
			isa = XCBuildConfiguration;
			buildSettings = {
				ASSETCATALOG_COMPILER_APPICON_NAME = AppIcon;
				INFOPLIST_FILE = CoreAnimationAdvancedTechniques6_5/Info.plist;
				LD_RUNPATH_SEARCH_PATHS = "$(inherited) @executable_path/Frameworks";
				PRODUCT_BUNDLE_IDENTIFIER = "JXT.CoreAnimationAdvancedTechniques6-5";
				PRODUCT_NAME = "$(TARGET_NAME)";
			};
			name = Debug;
		};
		A7491A1B1E59C5EB004F7AF3 /* Release */ = {
			isa = XCBuildConfiguration;
			buildSettings = {
				ASSETCATALOG_COMPILER_APPICON_NAME = AppIcon;
				INFOPLIST_FILE = CoreAnimationAdvancedTechniques6_5/Info.plist;
				LD_RUNPATH_SEARCH_PATHS = "$(inherited) @executable_path/Frameworks";
				PRODUCT_BUNDLE_IDENTIFIER = "JXT.CoreAnimationAdvancedTechniques6-5";
				PRODUCT_NAME = "$(TARGET_NAME)";
			};
			name = Release;
		};
/* End XCBuildConfiguration section */

/* Begin XCConfigurationList section */
		A74919FD1E59C5EB004F7AF3 /* Build configuration list for PBXProject "CoreAnimationAdvancedTechniques6_5" */ = {
			isa = XCConfigurationList;
			buildConfigurations = (
				A7491A171E59C5EB004F7AF3 /* Debug */,
				A7491A181E59C5EB004F7AF3 /* Release */,
			);
			defaultConfigurationIsVisible = 0;
			defaultConfigurationName = Release;
		};
		A7491A191E59C5EB004F7AF3 /* Build configuration list for PBXNativeTarget "CoreAnimationAdvancedTechniques6_5" */ = {
			isa = XCConfigurationList;
			buildConfigurations = (
				A7491A1A1E59C5EB004F7AF3 /* Debug */,
				A7491A1B1E59C5EB004F7AF3 /* Release */,
			);
			defaultConfigurationIsVisible = 0;
			defaultConfigurationName = Release;
		};
/* End XCConfigurationList section */
	};
	rootObject = A74919FA1E59C5EB004F7AF3 /* Project object */;
}
